// !$*UTF8*$!
{
	archiveVersion = 1;
	classes = {
	};
	objectVersion = 48;
	objects = {

/* Begin PBXBuildFile section */
		53CEF69E2017C945001D6B21 /* AppDelegate.swift in Sources */ = {isa = PBXBuildFile; fileRef = 53CEF69D2017C945001D6B21 /* AppDelegate.swift */; };
		53CEF6A32017C945001D6B21 /* Main.storyboard in Resources */ = {isa = PBXBuildFile; fileRef = 53CEF6A12017C945001D6B21 /* Main.storyboard */; };
		53CEF6A52017C945001D6B21 /* Assets.xcassets in Resources */ = {isa = PBXBuildFile; fileRef = 53CEF6A42017C945001D6B21 /* Assets.xcassets */; };
		53CEF6A82017C945001D6B21 /* LaunchScreen.storyboard in Resources */ = {isa = PBXBuildFile; fileRef = 53CEF6A62017C945001D6B21 /* LaunchScreen.storyboard */; };
		53CEF6B22017D068001D6B21 /* FlickrPhotosViewController.swift in Sources */ = {isa = PBXBuildFile; fileRef = 53CEF6B12017D068001D6B21 /* FlickrPhotosViewController.swift */; };
		53CEF6B72017D3BF001D6B21 /* FlickrSearchResults.swift in Sources */ = {isa = PBXBuildFile; fileRef = 53CEF6B42017D3BF001D6B21 /* FlickrSearchResults.swift */; };
		53CEF6B82017D3BF001D6B21 /* FlickrPhoto.swift in Sources */ = {isa = PBXBuildFile; fileRef = 53CEF6B52017D3BF001D6B21 /* FlickrPhoto.swift */; };
		53CEF6B92017D3BF001D6B21 /* Flickr.swift in Sources */ = {isa = PBXBuildFile; fileRef = 53CEF6B62017D3BF001D6B21 /* Flickr.swift */; };
		53CEF6BB20180D92001D6B21 /* FlickrPhotoCell.swift in Sources */ = {isa = PBXBuildFile; fileRef = 53CEF6BA20180D92001D6B21 /* FlickrPhotoCell.swift */; };
		53CEF6BD201810AB001D6B21 /* FlickrPhotoHeaderView.swift in Sources */ = {isa = PBXBuildFile; fileRef = 53CEF6BC201810AB001D6B21 /* FlickrPhotoHeaderView.swift */; };
/* End PBXBuildFile section */

/* Begin PBXFileReference section */
		53CEF69A2017C945001D6B21 /* FlickrSearchPOC.app */ = {isa = PBXFileReference; explicitFileType = wrapper.application; includeInIndex = 0; path = FlickrSearchPOC.app; sourceTree = BUILT_PRODUCTS_DIR; };
		53CEF69D2017C945001D6B21 /* AppDelegate.swift */ = {isa = PBXFileReference; lastKnownFileType = sourcecode.swift; path = AppDelegate.swift; sourceTree = "<group>"; };
		53CEF6A22017C945001D6B21 /* Base */ = {isa = PBXFileReference; lastKnownFileType = file.storyboard; name = Base; path = Base.lproj/Main.storyboard; sourceTree = "<group>"; };
		53CEF6A42017C945001D6B21 /* Assets.xcassets */ = {isa = PBXFileReference; lastKnownFileType = folder.assetcatalog; path = Assets.xcassets; sourceTree = "<group>"; };
		53CEF6A72017C945001D6B21 /* Base */ = {isa = PBXFileReference; lastKnownFileType = file.storyboard; name = Base; path = Base.lproj/LaunchScreen.storyboard; sourceTree = "<group>"; };
		53CEF6A92017C945001D6B21 /* Info.plist */ = {isa = PBXFileReference; lastKnownFileType = text.plist.xml; path = Info.plist; sourceTree = "<group>"; };
		53CEF6B12017D068001D6B21 /* FlickrPhotosViewController.swift */ = {isa = PBXFileReference; lastKnownFileType = sourcecode.swift; path = FlickrPhotosViewController.swift; sourceTree = "<group>"; };
		53CEF6B42017D3BF001D6B21 /* FlickrSearchResults.swift */ = {isa = PBXFileReference; fileEncoding = 4; lastKnownFileType = sourcecode.swift; path = FlickrSearchResults.swift; sourceTree = "<group>"; };
		53CEF6B52017D3BF001D6B21 /* FlickrPhoto.swift */ = {isa = PBXFileReference; fileEncoding = 4; lastKnownFileType = sourcecode.swift; path = FlickrPhoto.swift; sourceTree = "<group>"; };
		53CEF6B62017D3BF001D6B21 /* Flickr.swift */ = {isa = PBXFileReference; fileEncoding = 4; lastKnownFileType = sourcecode.swift; path = Flickr.swift; sourceTree = "<group>"; };
		53CEF6BA20180D92001D6B21 /* FlickrPhotoCell.swift */ = {isa = PBXFileReference; lastKnownFileType = sourcecode.swift; path = FlickrPhotoCell.swift; sourceTree = "<group>"; };
		53CEF6BC201810AB001D6B21 /* FlickrPhotoHeaderView.swift */ = {isa = PBXFileReference; lastKnownFileType = sourcecode.swift; path = FlickrPhotoHeaderView.swift; sourceTree = "<group>"; };
/* End PBXFileReference section */

/* Begin PBXFrameworksBuildPhase section */
		53CEF6972017C945001D6B21 /* Frameworks */ = {
			isa = PBXFrameworksBuildPhase;
			buildActionMask = 2147483647;
			files = (
			);
			runOnlyForDeploymentPostprocessing = 0;
		};
/* End PBXFrameworksBuildPhase section */

/* Begin PBXGroup section */
		53CEF6912017C945001D6B21 = {
			isa = PBXGroup;
			children = (
				53CEF69C2017C945001D6B21 /* FlickrSearchPOC */,
				53CEF69B2017C945001D6B21 /* Products */,
			);
			sourceTree = "<group>";
		};
		53CEF69B2017C945001D6B21 /* Products */ = {
			isa = PBXGroup;
			children = (
				53CEF69A2017C945001D6B21 /* FlickrSearchPOC.app */,
			);
			name = Products;
			sourceTree = "<group>";
		};
		53CEF69C2017C945001D6B21 /* FlickrSearchPOC */ = {
			isa = PBXGroup;
			children = (
				53CEF69D2017C945001D6B21 /* AppDelegate.swift */,
				53CEF6A12017C945001D6B21 /* Main.storyboard */,
				53CEF6B12017D068001D6B21 /* FlickrPhotosViewController.swift */,
				53CEF6BE201810EE001D6B21 /* Cells */,
				53CEF6B32017D3BF001D6B21 /* Models */,
				53CEF6A42017C945001D6B21 /* Assets.xcassets */,
				53CEF6A62017C945001D6B21 /* LaunchScreen.storyboard */,
				53CEF6A92017C945001D6B21 /* Info.plist */,
			);
			path = FlickrSearchPOC;
			sourceTree = "<group>";
		};
		53CEF6B32017D3BF001D6B21 /* Models */ = {
			isa = PBXGroup;
			children = (
				53CEF6B42017D3BF001D6B21 /* FlickrSearchResults.swift */,
				53CEF6B52017D3BF001D6B21 /* FlickrPhoto.swift */,
				53CEF6B62017D3BF001D6B21 /* Flickr.swift */,
			);
			path = Models;
			sourceTree = "<group>";
		};
		53CEF6BE201810EE001D6B21 /* Cells */ = {
			isa = PBXGroup;
			children = (
				53CEF6BA20180D92001D6B21 /* FlickrPhotoCell.swift */,
				53CEF6BC201810AB001D6B21 /* FlickrPhotoHeaderView.swift */,
			);
			path = Cells;
			sourceTree = "<group>";
		};
/* End PBXGroup section */

/* Begin PBXNativeTarget section */
		53CEF6992017C945001D6B21 /* FlickrSearchPOC */ = {
			isa = PBXNativeTarget;
			buildConfigurationList = 53CEF6AC2017C945001D6B21 /* Build configuration list for PBXNativeTarget "FlickrSearchPOC" */;
			buildPhases = (
				53CEF6962017C945001D6B21 /* Sources */,
				53CEF6972017C945001D6B21 /* Frameworks */,
				53CEF6982017C945001D6B21 /* Resources */,
			);
			buildRules = (
			);
			dependencies = (
			);
			name = FlickrSearchPOC;
			productName = FlickrSearchPOC;
			productReference = 53CEF69A2017C945001D6B21 /* FlickrSearchPOC.app */;
			productType = "com.apple.product-type.application";
		};
/* End PBXNativeTarget section */

/* Begin PBXProject section */
		53CEF6922017C945001D6B21 /* Project object */ = {
			isa = PBXProject;
			attributes = {
				LastSwiftUpdateCheck = 0920;
				LastUpgradeCheck = 0920;
				ORGANIZATIONNAME = "Keaton Harward";
				TargetAttributes = {
					53CEF6992017C945001D6B21 = {
						CreatedOnToolsVersion = 9.2;
						ProvisioningStyle = Automatic;
					};
				};
			};
			buildConfigurationList = 53CEF6952017C945001D6B21 /* Build configuration list for PBXProject "FlickrSearchPOC" */;
			compatibilityVersion = "Xcode 8.0";
			developmentRegion = en;
			hasScannedForEncodings = 0;
			knownRegions = (
				en,
				Base,
			);
			mainGroup = 53CEF6912017C945001D6B21;
			productRefGroup = 53CEF69B2017C945001D6B21 /* Products */;
			projectDirPath = "";
			projectRoot = "";
			targets = (
				53CEF6992017C945001D6B21 /* FlickrSearchPOC */,
			);
		};
/* End PBXProject section */

/* Begin PBXResourcesBuildPhase section */
		53CEF6982017C945001D6B21 /* Resources */ = {
			isa = PBXResourcesBuildPhase;
			buildActionMask = 2147483647;
			files = (
				53CEF6A82017C945001D6B21 /* LaunchScreen.storyboard in Resources */,
				53CEF6A52017C945001D6B21 /* Assets.xcassets in Resources */,
				53CEF6A32017C945001D6B21 /* Main.storyboard in Resources */,
			);
			runOnlyForDeploymentPostprocessing = 0;
		};
/* End PBXResourcesBuildPhase section */

/* Begin PBXSourcesBuildPhase section */
		53CEF6962017C945001D6B21 /* Sources */ = {
			isa = PBXSourcesBuildPhase;
			buildActionMask = 2147483647;
			files = (
				53CEF6B22017D068001D6B21 /* FlickrPhotosViewController.swift in Sources */,
				53CEF6B82017D3BF001D6B21 /* FlickrPhoto.swift in Sources */,
				53CEF6B92017D3BF001D6B21 /* Flickr.swift in Sources */,
				53CEF6B72017D3BF001D6B21 /* FlickrSearchResults.swift in Sources */,
				53CEF69E2017C945001D6B21 /* AppDelegate.swift in Sources */,
				53CEF6BD201810AB001D6B21 /* FlickrPhotoHeaderView.swift in Sources */,
				53CEF6BB20180D92001D6B21 /* FlickrPhotoCell.swift in Sources */,
			);
			runOnlyForDeploymentPostprocessing = 0;
		};
/* End PBXSourcesBuildPhase section */

/* Begin PBXVariantGroup section */
		53CEF6A12017C945001D6B21 /* Main.storyboard */ = {
			isa = PBXVariantGroup;
			children = (
				53CEF6A22017C945001D6B21 /* Base */,
			);
			name = Main.storyboard;
			sourceTree = "<group>";
		};
		53CEF6A62017C945001D6B21 /* LaunchScreen.storyboard */ = {
			isa = PBXVariantGroup;
			children = (
				53CEF6A72017C945001D6B21 /* Base */,
			);
			name = LaunchScreen.storyboard;
			sourceTree = "<group>";
		};
/* End PBXVariantGroup section */

/* Begin XCBuildConfiguration section */
		53CEF6AA2017C945001D6B21 /* Debug */ = {
			isa = XCBuildConfiguration;
			buildSettings = {
				ALWAYS_SEARCH_USER_PATHS = NO;
				CLANG_ANALYZER_NONNULL = YES;
				CLANG_ANALYZER_NUMBER_OBJECT_CONVERSION = YES_AGGRESSIVE;
				CLANG_CXX_LANGUAGE_STANDARD = "gnu++14";
				CLANG_CXX_LIBRARY = "libc++";
				CLANG_ENABLE_MODULES = YES;
				CLANG_ENABLE_OBJC_ARC = YES;
				CLANG_WARN_BLOCK_CAPTURE_AUTORELEASING = YES;
				CLANG_WARN_BOOL_CONVERSION = YES;
				CLANG_WARN_COMMA = YES;
				CLANG_WARN_CONSTANT_CONVERSION = YES;
				CLANG_WARN_DIRECT_OBJC_ISA_USAGE = YES_ERROR;
				CLANG_WARN_DOCUMENTATION_COMMENTS = YES;
				CLANG_WARN_EMPTY_BODY = YES;
				CLANG_WARN_ENUM_CONVERSION = YES;
				CLANG_WARN_INFINITE_RECURSION = YES;
				CLANG_WARN_INT_CONVERSION = YES;
				CLANG_WARN_NON_LITERAL_NULL_CONVERSION = YES;
				CLANG_WARN_OBJC_LITERAL_CONVERSION = YES;
				CLANG_WARN_OBJC_ROOT_CLASS = YES_ERROR;
				CLANG_WARN_RANGE_LOOP_ANALYSIS = YES;
				CLANG_WARN_STRICT_PROTOTYPES = YES;
				CLANG_WARN_SUSPICIOUS_MOVE = YES;
				CLANG_WARN_UNGUARDED_AVAILABILITY = YES_AGGRESSIVE;
				CLANG_WARN_UNREACHABLE_CODE = YES;
				CLANG_WARN__DUPLICATE_METHOD_MATCH = YES;
				CODE_SIGN_IDENTITY = "iPhone Developer";
				COPY_PHASE_STRIP = NO;
				DEBUG_INFORMATION_FORMAT = dwarf;
				ENABLE_STRICT_OBJC_MSGSEND = YES;
				ENABLE_TESTABILITY = YES;
				GCC_C_LANGUAGE_STANDARD = gnu11;
				GCC_DYNAMIC_NO_PIC = NO;
				GCC_NO_COMMON_BLOCKS = YES;
				GCC_OPTIMIZATION_LEVEL = 0;
				GCC_PREPROCESSOR_DEFINITIONS = (
					"DEBUG=1",
					"$(inherited)",
				);
				GCC_WARN_64_TO_32_BIT_CONVERSION = YES;
				GCC_WARN_ABOUT_RETURN_TYPE = YES_ERROR;
				GCC_WARN_UNDECLARED_SELECTOR = YES;
				GCC_WARN_UNINITIALIZED_AUTOS = YES_AGGRESSIVE;
				GCC_WARN_UNUSED_FUNCTION = YES;
				GCC_WARN_UNUSED_VARIABLE = YES;
				IPHONEOS_DEPLOYMENT_TARGET = 11.2;
				MTL_ENABLE_DEBUG_INFO = YES;
				ONLY_ACTIVE_ARCH = YES;
				SDKROOT = iphoneos;
				SWIFT_ACTIVE_COMPILATION_CONDITIONS = DEBUG;
				SWIFT_OPTIMIZATION_LEVEL = "-Onone";
			};
			name = Debug;
		};
		53CEF6AB2017C945001D6B21 /* Release */ = {
			isa = XCBuildConfiguration;
			buildSettings = {
				ALWAYS_SEARCH_USER_PATHS = NO;
				CLANG_ANALYZER_NONNULL = YES;
				CLANG_ANALYZER_NUMBER_OBJECT_CONVERSION = YES_AGGRESSIVE;
				CLANG_CXX_LANGUAGE_STANDARD = "gnu++14";
				CLANG_CXX_LIBRARY = "libc++";
				CLANG_ENABLE_MODULES = YES;
				CLANG_ENABLE_OBJC_ARC = YES;
				CLANG_WARN_BLOCK_CAPTURE_AUTORELEASING = YES;
				CLANG_WARN_BOOL_CONVERSION = YES;
				CLANG_WARN_COMMA = YES;
				CLANG_WARN_CONSTANT_CONVERSION = YES;
				CLANG_WARN_DIRECT_OBJC_ISA_USAGE = YES_ERROR;
				CLANG_WARN_DOCUMENTATION_COMMENTS = YES;
				CLANG_WARN_EMPTY_BODY = YES;
				CLANG_WARN_ENUM_CONVERSION = YES;
				CLANG_WARN_INFINITE_RECURSION = YES;
				CLANG_WARN_INT_CONVERSION = YES;
				CLANG_WARN_NON_LITERAL_NULL_CONVERSION = YES;
				CLANG_WARN_OBJC_LITERAL_CONVERSION = YES;
				CLANG_WARN_OBJC_ROOT_CLASS = YES_ERROR;
				CLANG_WARN_RANGE_LOOP_ANALYSIS = YES;
				CLANG_WARN_STRICT_PROTOTYPES = YES;
				CLANG_WARN_SUSPICIOUS_MOVE = YES;
				CLANG_WARN_UNGUARDED_AVAILABILITY = YES_AGGRESSIVE;
				CLANG_WARN_UNREACHABLE_CODE = YES;
				CLANG_WARN__DUPLICATE_METHOD_MATCH = YES;
				CODE_SIGN_IDENTITY = "iPhone Developer";
				COPY_PHASE_STRIP = NO;
				DEBUG_INFORMATION_FORMAT = "dwarf-with-dsym";
				ENABLE_NS_ASSERTIONS = NO;
				ENABLE_STRICT_OBJC_MSGSEND = YES;
				GCC_C_LANGUAGE_STANDARD = gnu11;
				GCC_NO_COMMON_BLOCKS = YES;
				GCC_WARN_64_TO_32_BIT_CONVERSION = YES;
				GCC_WARN_ABOUT_RETURN_TYPE = YES_ERROR;
				GCC_WARN_UNDECLARED_SELECTOR = YES;
				GCC_WARN_UNINITIALIZED_AUTOS = YES_AGGRESSIVE;
				GCC_WARN_UNUSED_FUNCTION = YES;
				GCC_WARN_UNUSED_VARIABLE = YES;
				IPHONEOS_DEPLOYMENT_TARGET = 11.2;
				MTL_ENABLE_DEBUG_INFO = NO;
				SDKROOT = iphoneos;
				SWIFT_OPTIMIZATION_LEVEL = "-Owholemodule";
				VALIDATE_PRODUCT = YES;
			};
			name = Release;
		};
		53CEF6AD2017C945001D6B21 /* Debug */ = {
			isa = XCBuildConfiguration;
			buildSettings = {
				ASSETCATALOG_COMPILER_APPICON_NAME = AppIcon;
				CODE_SIGN_STYLE = Automatic;
				DEVELOPMENT_TEAM = 7PDCTCAB87;
				INFOPLIST_FILE = FlickrSearchPOC/Info.plist;
				LD_RUNPATH_SEARCH_PATHS = "$(inherited) @executable_path/Frameworks";
				PRODUCT_BUNDLE_IDENTIFIER = com.keaton.FlickrSearchPOC;
				PRODUCT_NAME = "$(TARGET_NAME)";
				SWIFT_VERSION = 4.0;
				TARGETED_DEVICE_FAMILY = "1,2";
			};
			name = Debug;
		};
		53CEF6AE2017C945001D6B21 /* Release */ = {
			isa = XCBuildConfiguration;
			buildSettings = {
				ASSETCATALOG_COMPILER_APPICON_NAME = AppIcon;
				CODE_SIGN_STYLE = Automatic;
				DEVELOPMENT_TEAM = 7PDCTCAB87;
				INFOPLIST_FILE = FlickrSearchPOC/Info.plist;
				LD_RUNPATH_SEARCH_PATHS = "$(inherited) @executable_path/Frameworks";
				PRODUCT_BUNDLE_IDENTIFIER = com.keaton.FlickrSearchPOC;
				PRODUCT_NAME = "$(TARGET_NAME)";
				SWIFT_VERSION = 4.0;
				TARGETED_DEVICE_FAMILY = "1,2";
			};
			name = Release;
		};
/* End XCBuildConfiguration section */

/* Begin XCConfigurationList section */
		53CEF6952017C945001D6B21 /* Build configuration list for PBXProject "FlickrSearchPOC" */ = {
			isa = XCConfigurationList;
			buildConfigurations = (
				53CEF6AA2017C945001D6B21 /* Debug */,
				53CEF6AB2017C945001D6B21 /* Release */,
			);
			defaultConfigurationIsVisible = 0;
			defaultConfigurationName = Release;
		};
		53CEF6AC2017C945001D6B21 /* Build configuration list for PBXNativeTarget "FlickrSearchPOC" */ = {
			isa = XCConfigurationList;
			buildConfigurations = (
				53CEF6AD2017C945001D6B21 /* Debug */,
				53CEF6AE2017C945001D6B21 /* Release */,
			);
			defaultConfigurationIsVisible = 0;
			defaultConfigurationName = Release;
		};
/* End XCConfigurationList section */
	};
	rootObject = 53CEF6922017C945001D6B21 /* Project object */;
}
